// !$*UTF8*$!
{
	archiveVersion = 1;
	classes = {
	};
	objectVersion = 46;
	objects = {

/* Begin PBXBuildFile section */
		A53E831C1EB2EA62002BA1D5 /* OpenGL.framework in Frameworks */ = {isa = PBXBuildFile; fileRef = A5C25FCC1EB1FEE7002738A1 /* OpenGL.framework */; };
		A53E831D1EB2EA75002BA1D5 /* libGLEW.2.0.0.dylib in Frameworks */ = {isa = PBXBuildFile; fileRef = A53E83051EB1FF37002BA1D5 /* libGLEW.2.0.0.dylib */; };
		A53E831E1EB2EA88002BA1D5 /* libglfw.3.3.dylib in Frameworks */ = {isa = PBXBuildFile; fileRef = A5C25FCE1EB1FEFF002738A1 /* libglfw.3.3.dylib */; };
		A576D5F81F06067000457E31 /* Garden.cpp in Sources */ = {isa = PBXBuildFile; fileRef = A576D5F71F06067000457E31 /* Garden.cpp */; };
/* End PBXBuildFile section */

/* Begin PBXCopyFilesBuildPhase section */
		A53E830F1EB20221002BA1D5 /* CopyFiles */ = {
			isa = PBXCopyFilesBuildPhase;
			buildActionMask = 2147483647;
			dstPath = /usr/share/man/man1/;
			dstSubfolderSpec = 0;
			files = (
			);
			runOnlyForDeploymentPostprocessing = 1;
		};
/* End PBXCopyFilesBuildPhase section */

/* Begin PBXFileReference section */
		A529D0461F51A21400E44247 /* WindowContext.hpp */ = {isa = PBXFileReference; lastKnownFileType = sourcecode.cpp.h; name = WindowContext.hpp; path = Hpps/Source/WindowContext.hpp; sourceTree = SOURCE_ROOT; };
		A529D0471F51A21B00E44247 /* Buffer.hpp */ = {isa = PBXFileReference; lastKnownFileType = sourcecode.cpp.h; name = Buffer.hpp; path = Hpps/Source/Buffer.hpp; sourceTree = "<group>"; };
		A529D0481F51A21B00E44247 /* BufferCursor.hpp */ = {isa = PBXFileReference; lastKnownFileType = sourcecode.cpp.h; name = BufferCursor.hpp; path = Hpps/Source/BufferCursor.hpp; sourceTree = "<group>"; };
		A529D04A1F51A21B00E44247 /* Fragment.hpp */ = {isa = PBXFileReference; lastKnownFileType = sourcecode.cpp.h; name = Fragment.hpp; path = Hpps/Source/Fragment.hpp; sourceTree = "<group>"; };
		A529D04B1F51A21B00E44247 /* Mat.hpp */ = {isa = PBXFileReference; lastKnownFileType = sourcecode.cpp.h; name = Mat.hpp; path = Hpps/Source/Mat.hpp; sourceTree = "<group>"; };
		A529D04C1F51A21B00E44247 /* Misc.hpp */ = {isa = PBXFileReference; lastKnownFileType = sourcecode.cpp.h; name = Misc.hpp; path = Hpps/Source/Misc.hpp; sourceTree = "<group>"; };
		A529D04D1F51A21B00E44247 /* Pipeline.hpp */ = {isa = PBXFileReference; lastKnownFileType = sourcecode.cpp.h; name = Pipeline.hpp; path = Hpps/Source/Pipeline.hpp; sourceTree = "<group>"; };
		A529D04E1F51A21B00E44247 /* Rasterizer.hpp */ = {isa = PBXFileReference; lastKnownFileType = sourcecode.cpp.h; name = Rasterizer.hpp; path = Hpps/Source/Rasterizer.hpp; sourceTree = "<group>"; };
		A529D04F1F51A21B00E44247 /* Vec.hpp */ = {isa = PBXFileReference; lastKnownFileType = sourcecode.cpp.h; name = Vec.hpp; path = Hpps/Source/Vec.hpp; sourceTree = "<group>"; };
		A529D0501F51A21B00E44247 /* Vertex.hpp */ = {isa = PBXFileReference; lastKnownFileType = sourcecode.cpp.h; name = Vertex.hpp; path = Hpps/Source/Vertex.hpp; sourceTree = "<group>"; };
		A52D9EEF1F51A54700D65D28 /* BasicTests.hpp */ = {isa = PBXFileReference; lastKnownFileType = sourcecode.cpp.h; name = BasicTests.hpp; path = Hpps/Test/BasicTests.hpp; sourceTree = "<group>"; };
		A52D9EF01F51A9FB00D65D28 /* Helper.hpp */ = {isa = PBXFileReference; lastKnownFileType = sourcecode.cpp.h; name = Helper.hpp; path = Hpps/Test/Helper.hpp; sourceTree = "<group>"; };
		A53E83051EB1FF37002BA1D5 /* libGLEW.2.0.0.dylib */ = {isa = PBXFileReference; lastKnownFileType = "compiled.mach-o.dylib"; name = libGLEW.2.0.0.dylib; path = ../../../../../../usr/local/lib/libGLEW.2.0.0.dylib; sourceTree = "<group>"; };
		A53E83111EB20221002BA1D5 /* Garden */ = {isa = PBXFileReference; explicitFileType = "compiled.mach-o.executable"; includeInIndex = 0; path = Garden; sourceTree = BUILT_PRODUCTS_DIR; };
		A576D5F71F06067000457E31 /* Garden.cpp */ = {isa = PBXFileReference; fileEncoding = 4; lastKnownFileType = sourcecode.cpp.cpp; name = Garden.cpp; path = Garden/Garden.cpp; sourceTree = SOURCE_ROOT; };
		A5C25FCC1EB1FEE7002738A1 /* OpenGL.framework */ = {isa = PBXFileReference; lastKnownFileType = wrapper.framework; name = OpenGL.framework; path = System/Library/Frameworks/OpenGL.framework; sourceTree = SDKROOT; };
		A5C25FCE1EB1FEFF002738A1 /* libglfw.3.3.dylib */ = {isa = PBXFileReference; lastKnownFileType = "compiled.mach-o.dylib"; name = libglfw.3.3.dylib; path = ../../../../../../usr/local/lib/libglfw.3.3.dylib; sourceTree = "<group>"; };
		A5F5A7A22092C6AD002C5FDB /* NoiseTests.hpp */ = {isa = PBXFileReference; lastKnownFileType = sourcecode.cpp.h; name = NoiseTests.hpp; path = Hpps/Test/NoiseTests.hpp; sourceTree = "<group>"; };
/* End PBXFileReference section */

/* Begin PBXFrameworksBuildPhase section */
		A53E830E1EB20221002BA1D5 /* Frameworks */ = {
			isa = PBXFrameworksBuildPhase;
			buildActionMask = 2147483647;
			files = (
				A53E831E1EB2EA88002BA1D5 /* libglfw.3.3.dylib in Frameworks */,
				A53E831D1EB2EA75002BA1D5 /* libGLEW.2.0.0.dylib in Frameworks */,
				A53E831C1EB2EA62002BA1D5 /* OpenGL.framework in Frameworks */,
			);
			runOnlyForDeploymentPostprocessing = 0;
		};
/* End PBXFrameworksBuildPhase section */

/* Begin PBXGroup section */
		A53E830A1EB201F1002BA1D5 /* Spades */ = {
			isa = PBXGroup;
			children = (
				A529D04D1F51A21B00E44247 /* Pipeline.hpp */,
				A529D0471F51A21B00E44247 /* Buffer.hpp */,
				A529D0481F51A21B00E44247 /* BufferCursor.hpp */,
				A529D04E1F51A21B00E44247 /* Rasterizer.hpp */,
				A529D0501F51A21B00E44247 /* Vertex.hpp */,
				A529D04A1F51A21B00E44247 /* Fragment.hpp */,
				A529D04F1F51A21B00E44247 /* Vec.hpp */,
				A529D04B1F51A21B00E44247 /* Mat.hpp */,
				A529D04C1F51A21B00E44247 /* Misc.hpp */,
			);
			name = Spades;
			sourceTree = "<group>";
		};
		A53E830B1EB201FE002BA1D5 /* Seeds */ = {
			isa = PBXGroup;
			children = (
				A52D9EF01F51A9FB00D65D28 /* Helper.hpp */,
				A52D9EEF1F51A54700D65D28 /* BasicTests.hpp */,
				A5F5A7A22092C6AD002C5FDB /* NoiseTests.hpp */,
			);
			name = Seeds;
			sourceTree = "<group>";
		};
		A53E83121EB20221002BA1D5 /* Garden */ = {
			isa = PBXGroup;
			children = (
				A576D5F71F06067000457E31 /* Garden.cpp */,
			);
			path = Garden;
			sourceTree = "<group>";
		};
		A5C25FB81EB1FED7002738A1 = {
			isa = PBXGroup;
			children = (
				A5C25FCB1EB1FEE7002738A1 /* Frameworks */,
				A53E83121EB20221002BA1D5 /* Garden */,
				A5C25FC31EB1FED7002738A1 /* Soil */,
				A53E830A1EB201F1002BA1D5 /* Spades */,
				A53E830B1EB201FE002BA1D5 /* Seeds */,
				A5C25FC21EB1FED7002738A1 /* Products */,
			);
			sourceTree = "<group>";
		};
		A5C25FC21EB1FED7002738A1 /* Products */ = {
			isa = PBXGroup;
			children = (
				A53E83111EB20221002BA1D5 /* Garden */,
			);
			name = Products;
			sourceTree = "<group>";
		};
		A5C25FC31EB1FED7002738A1 /* Soil */ = {
			isa = PBXGroup;
			children = (
				A529D0461F51A21400E44247 /* WindowContext.hpp */,
			);
			name = Soil;
			path = Garden;
			sourceTree = "<group>";
		};
		A5C25FCB1EB1FEE7002738A1 /* Frameworks */ = {
			isa = PBXGroup;
			children = (
				A53E83051EB1FF37002BA1D5 /* libGLEW.2.0.0.dylib */,
				A5C25FCE1EB1FEFF002738A1 /* libglfw.3.3.dylib */,
				A5C25FCC1EB1FEE7002738A1 /* OpenGL.framework */,
			);
			name = Frameworks;
			sourceTree = "<group>";
		};
/* End PBXGroup section */

/* Begin PBXNativeTarget section */
		A53E83101EB20221002BA1D5 /* Garden */ = {
			isa = PBXNativeTarget;
			buildConfigurationList = A53E83151EB20221002BA1D5 /* Build configuration list for PBXNativeTarget "Garden" */;
			buildPhases = (
				A53E830D1EB20221002BA1D5 /* Sources */,
				A53E830E1EB20221002BA1D5 /* Frameworks */,
				A53E830F1EB20221002BA1D5 /* CopyFiles */,
			);
			buildRules = (
			);
			dependencies = (
			);
			name = Garden;
			productName = Garden;
			productReference = A53E83111EB20221002BA1D5 /* Garden */;
			productType = "com.apple.product-type.tool";
		};
/* End PBXNativeTarget section */

/* Begin PBXProject section */
		A5C25FB91EB1FED7002738A1 /* Project object */ = {
			isa = PBXProject;
			attributes = {
				LastUpgradeCheck = 0930;
				ORGANIZATIONNAME = "陈十三";
				TargetAttributes = {
					A53E83101EB20221002BA1D5 = {
						CreatedOnToolsVersion = 8.3.2;
						ProvisioningStyle = Automatic;
					};
				};
			};
			buildConfigurationList = A5C25FBC1EB1FED7002738A1 /* Build configuration list for PBXProject "Garden" */;
			compatibilityVersion = "Xcode 3.2";
			developmentRegion = English;
			hasScannedForEncodings = 0;
			knownRegions = (
				en,
			);
			mainGroup = A5C25FB81EB1FED7002738A1;
			productRefGroup = A5C25FC21EB1FED7002738A1 /* Products */;
			projectDirPath = "";
			projectRoot = "";
			targets = (
				A53E83101EB20221002BA1D5 /* Garden */,
			);
		};
/* End PBXProject section */

/* Begin PBXSourcesBuildPhase section */
		A53E830D1EB20221002BA1D5 /* Sources */ = {
			isa = PBXSourcesBuildPhase;
			buildActionMask = 2147483647;
			files = (
				A576D5F81F06067000457E31 /* Garden.cpp in Sources */,
			);
			runOnlyForDeploymentPostprocessing = 0;
		};
/* End PBXSourcesBuildPhase section */

/* Begin XCBuildConfiguration section */
		A53E83161EB20221002BA1D5 /* Debug */ = {
			isa = XCBuildConfiguration;
			buildSettings = {
				LLVM_LTO = NO;
				PRODUCT_NAME = "$(TARGET_NAME)";
			};
			name = Debug;
		};
		A53E83171EB20221002BA1D5 /* Release */ = {
			isa = XCBuildConfiguration;
			buildSettings = {
				GCC_OPTIMIZATION_LEVEL = s;
				LLVM_LTO = NO;
				PRODUCT_NAME = "$(TARGET_NAME)";
			};
			name = Release;
		};
		A5C25FC61EB1FED7002738A1 /* Debug */ = {
			isa = XCBuildConfiguration;
			buildSettings = {
				ALWAYS_SEARCH_USER_PATHS = NO;
				CLANG_ANALYZER_NONNULL = YES;
				CLANG_ANALYZER_NUMBER_OBJECT_CONVERSION = YES_AGGRESSIVE;
				CLANG_CXX_LANGUAGE_STANDARD = "gnu++0x";
				CLANG_CXX_LIBRARY = "libc++";
				CLANG_ENABLE_MODULES = YES;
				CLANG_ENABLE_OBJC_ARC = YES;
				CLANG_WARN_ASSIGN_ENUM = YES;
				CLANG_WARN_BLOCK_CAPTURE_AUTORELEASING = YES;
				CLANG_WARN_BOOL_CONVERSION = YES;
				CLANG_WARN_COMMA = YES;
				CLANG_WARN_CONSTANT_CONVERSION = YES;
				CLANG_WARN_DEPRECATED_OBJC_IMPLEMENTATIONS = YES;
				CLANG_WARN_DIRECT_OBJC_ISA_USAGE = YES_ERROR;
				CLANG_WARN_DOCUMENTATION_COMMENTS = YES;
				CLANG_WARN_EMPTY_BODY = YES;
				CLANG_WARN_ENUM_CONVERSION = YES;
				CLANG_WARN_IMPLICIT_SIGN_CONVERSION = NO;
				CLANG_WARN_INFINITE_RECURSION = YES;
				CLANG_WARN_INT_CONVERSION = YES;
				CLANG_WARN_NON_LITERAL_NULL_CONVERSION = YES;
				CLANG_WARN_OBJC_IMPLICIT_RETAIN_SELF = YES;
				CLANG_WARN_OBJC_LITERAL_CONVERSION = YES;
				CLANG_WARN_OBJC_ROOT_CLASS = YES_ERROR;
				CLANG_WARN_RANGE_LOOP_ANALYSIS = YES;
				CLANG_WARN_STRICT_PROTOTYPES = YES;
				CLANG_WARN_SUSPICIOUS_MOVE = YES;
				CLANG_WARN_UNREACHABLE_CODE = YES;
				CLANG_WARN__DUPLICATE_METHOD_MATCH = YES;
				CODE_SIGN_IDENTITY = "-";
				COPY_PHASE_STRIP = NO;
				DEBUG_INFORMATION_FORMAT = dwarf;
				ENABLE_STRICT_OBJC_MSGSEND = YES;
				ENABLE_TESTABILITY = YES;
				GCC_C_LANGUAGE_STANDARD = gnu99;
				GCC_DYNAMIC_NO_PIC = NO;
				GCC_NO_COMMON_BLOCKS = YES;
				GCC_OPTIMIZATION_LEVEL = 0;
				GCC_PREPROCESSOR_DEFINITIONS = (
					"DEBUG=1",
					"$(inherited)",
				);
				GCC_UNROLL_LOOPS = YES;
				GCC_WARN_64_TO_32_BIT_CONVERSION = YES;
				GCC_WARN_ABOUT_RETURN_TYPE = YES_ERROR;
				GCC_WARN_UNDECLARED_SELECTOR = YES;
				GCC_WARN_UNINITIALIZED_AUTOS = YES_AGGRESSIVE;
				GCC_WARN_UNUSED_FUNCTION = YES;
				GCC_WARN_UNUSED_PARAMETER = NO;
				GCC_WARN_UNUSED_VARIABLE = YES;
				HEADER_SEARCH_PATHS = /usr/local/include;
				LIBRARY_SEARCH_PATHS = /usr/local/lib;
				LLVM_LTO = NO;
				MACOSX_DEPLOYMENT_TARGET = 10.12;
				MTL_ENABLE_DEBUG_INFO = YES;
				ONLY_ACTIVE_ARCH = YES;
				OTHER_CPLUSPLUSFLAGS = "$(OTHER_CFLAGS)";
				SDKROOT = macosx;
			};
			name = Debug;
		};
		A5C25FC71EB1FED7002738A1 /* Release */ = {
			isa = XCBuildConfiguration;
			buildSettings = {
				ALWAYS_SEARCH_USER_PATHS = NO;
				CLANG_ANALYZER_NONNULL = YES;
				CLANG_ANALYZER_NUMBER_OBJECT_CONVERSION = YES_AGGRESSIVE;
				CLANG_CXX_LANGUAGE_STANDARD = "gnu++0x";
				CLANG_CXX_LIBRARY = "libc++";
				CLANG_ENABLE_MODULES = YES;
				CLANG_ENABLE_OBJC_ARC = YES;
				CLANG_WARN_ASSIGN_ENUM = YES;
				CLANG_WARN_BLOCK_CAPTURE_AUTORELEASING = YES;
				CLANG_WARN_BOOL_CONVERSION = YES;
				CLANG_WARN_COMMA = YES;
				CLANG_WARN_CONSTANT_CONVERSION = YES;
				CLANG_WARN_DEPRECATED_OBJC_IMPLEMENTATIONS = YES;
				CLANG_WARN_DIRECT_OBJC_ISA_USAGE = YES_ERROR;
				CLANG_WARN_DOCUMENTATION_COMMENTS = YES;
				CLANG_WARN_EMPTY_BODY = YES;
				CLANG_WARN_ENUM_CONVERSION = YES;
				CLANG_WARN_IMPLICIT_SIGN_CONVERSION = NO;
				CLANG_WARN_INFINITE_RECURSION = YES;
				CLANG_WARN_INT_CONVERSION = YES;
				CLANG_WARN_NON_LITERAL_NULL_CONVERSION = YES;
				CLANG_WARN_OBJC_IMPLICIT_RETAIN_SELF = YES;
				CLANG_WARN_OBJC_LITERAL_CONVERSION = YES;
				CLANG_WARN_OBJC_ROOT_CLASS = YES_ERROR;
				CLANG_WARN_RANGE_LOOP_ANALYSIS = YES;
				CLANG_WARN_STRICT_PROTOTYPES = YES;
				CLANG_WARN_SUSPICIOUS_MOVE = YES;
				CLANG_WARN_UNREACHABLE_CODE = YES;
				CLANG_WARN__DUPLICATE_METHOD_MATCH = YES;
				CODE_SIGN_IDENTITY = "-";
				COPY_PHASE_STRIP = NO;
				DEBUG_INFORMATION_FORMAT = "dwarf-with-dsym";
				ENABLE_NS_ASSERTIONS = NO;
				ENABLE_STRICT_OBJC_MSGSEND = YES;
				GCC_C_LANGUAGE_STANDARD = gnu99;
				GCC_NO_COMMON_BLOCKS = YES;
				GCC_OPTIMIZATION_LEVEL = s;
				GCC_UNROLL_LOOPS = YES;
				GCC_WARN_64_TO_32_BIT_CONVERSION = YES;
				GCC_WARN_ABOUT_RETURN_TYPE = YES_ERROR;
				GCC_WARN_UNDECLARED_SELECTOR = YES;
				GCC_WARN_UNINITIALIZED_AUTOS = YES_AGGRESSIVE;
				GCC_WARN_UNUSED_FUNCTION = YES;
				GCC_WARN_UNUSED_PARAMETER = NO;
				GCC_WARN_UNUSED_VARIABLE = YES;
				HEADER_SEARCH_PATHS = /usr/local/include;
				LIBRARY_SEARCH_PATHS = /usr/local/lib;
				LLVM_LTO = NO;
				MACOSX_DEPLOYMENT_TARGET = 10.12;
				MTL_ENABLE_DEBUG_INFO = NO;
				OTHER_CPLUSPLUSFLAGS = "$(OTHER_CFLAGS)";
				SDKROOT = macosx;
			};
			name = Release;
		};
/* End XCBuildConfiguration section */

/* Begin XCConfigurationList section */
		A53E83151EB20221002BA1D5 /* Build configuration list for PBXNativeTarget "Garden" */ = {
			isa = XCConfigurationList;
			buildConfigurations = (
				A53E83161EB20221002BA1D5 /* Debug */,
				A53E83171EB20221002BA1D5 /* Release */,
			);
			defaultConfigurationIsVisible = 0;
			defaultConfigurationName = Release;
		};
		A5C25FBC1EB1FED7002738A1 /* Build configuration list for PBXProject "Garden" */ = {
			isa = XCConfigurationList;
			buildConfigurations = (
				A5C25FC61EB1FED7002738A1 /* Debug */,
				A5C25FC71EB1FED7002738A1 /* Release */,
			);
			defaultConfigurationIsVisible = 0;
			defaultConfigurationName = Release;
		};
/* End XCConfigurationList section */
	};
	rootObject = A5C25FB91EB1FED7002738A1 /* Project object */;
}
